
Microsoft Visual Studio Solution File, Format Version 12.00
# Visual Studio Version 17
VisualStudioVersion = 17.7.34302.85
MinimumVisualStudioVersion = 10.0.40219.1
Project("{9A19103F-16F7-4668-BE54-9A1E7A4F7556}") = "Baristaa", "Baristaa\Baristaa.csproj", "{07E033B4-090B-42E3-A344-71F150DAFC7B}"
EndProject
Project("{FAE04EC0-301F-11D3-BF4B-00C04F79EFBC}") = "Baristaa.Tests", "Baristaa.Tests\Baristaa.Tests.csproj", "{1A4A3A8B-DDFE-45C9-B8B4-B78EA68A06B5}"
EndProject
Global
	GlobalSection(SolutionConfigurationPlatforms) = preSolution
		Debug|Any CPU = Debug|Any CPU
		Release|Any CPU = Release|Any CPU
	EndGlobalSection
	GlobalSection(ProjectConfigurationPlatforms) = postSolution
		{07E033B4-090B-42E3-A344-71F150DAFC7B}.Debug|Any CPU.ActiveCfg = Debug|Any CPU
		{07E033B4-090B-42E3-A344-71F150DAFC7B}.Debug|Any CPU.Build.0 = Debug|Any CPU
		{07E033B4-090B-42E3-A344-71F150DAFC7B}.Release|Any CPU.ActiveCfg = Release|Any CPU
		{07E033B4-090B-42E3-A344-71F150DAFC7B}.Release|Any CPU.Build.0 = Release|Any CPU
		{1A4A3A8B-DDFE-45C9-B8B4-B78EA68A06B5}.Debug|Any CPU.ActiveCfg = Debug|Any CPU
		{1A4A3A8B-DDFE-45C9-B8B4-B78EA68A06B5}.Debug|Any CPU.Build.0 = Debug|Any CPU
		{1A4A3A8B-DDFE-45C9-B8B4-B78EA68A06B5}.Release|Any CPU.ActiveCfg = Release|Any CPU
		{1A4A3A8B-DDFE-45C9-B8B4-B78EA68A06B5}.Release|Any CPU.Build.0 = Release|Any CPU
	EndGlobalSection
	GlobalSection(SolutionProperties) = preSolution
		HideSolutionNode = FALSE
	EndGlobalSection
	GlobalSection(ExtensibilityGlobals) = postSolution
		SolutionGuid = {BACD2148-3F00-4D57-9548-E01C06372AB5}
	EndGlobalSection
EndGlobal
